
Microsoft Visual Studio Solution File, Format Version 12.00
# Visual Studio Version 17
VisualStudioVersion = 17.11.35303.130
MinimumVisualStudioVersion = 10.0.40219.1
Project("{FAE04EC0-301F-11D3-BF4B-00C04F79EFBC}") = "Remiseria2", "Remiseria2\Remiseria2.csproj", "{1C895A0A-DCAB-430C-A4CD-A3D23F539E59}"
EndProject
Global
	GlobalSection(SolutionConfigurationPlatforms) = preSolution
		Debug|Any CPU = Debug|Any CPU
		Release|Any CPU = Release|Any CPU
	EndGlobalSection
	GlobalSection(ProjectConfigurationPlatforms) = postSolution
		{1C895A0A-DCAB-430C-A4CD-A3D23F539E59}.Debug|Any CPU.ActiveCfg = Debug|Any CPU
		{1C895A0A-DCAB-430C-A4CD-A3D23F539E59}.Debug|Any CPU.Build.0 = Debug|Any CPU
		{1C895A0A-DCAB-430C-A4CD-A3D23F539E59}.Release|Any CPU.ActiveCfg = Release|Any CPU
		{1C895A0A-DCAB-430C-A4CD-A3D23F539E59}.Release|Any CPU.Build.0 = Release|Any CPU
	EndGlobalSection
	GlobalSection(SolutionProperties) = preSolution
		HideSolutionNode = FALSE
	EndGlobalSection
	GlobalSection(ExtensibilityGlobals) = postSolution
		SolutionGuid = {8579A653-13FC-45DB-B823-99676442F5E9}
	EndGlobalSection
EndGlobal
